# THIS IS AN AUTOGENERATED FILE. DO NOT EDIT THIS FILE DIRECTLY.
# yarn lockfile v1


tinybus@^1.0.1:
  version "1.0.1"
  resolved "https://registry.yarnpkg.com/tinybus/-/tinybus-1.0.1.tgz#691f04b8e4df22059711d2940bb9d2780a84853c"
  integrity sha512-eUoGVcYJBFgOvS/DXjDOz2OHmSn//sc5RsT1Hzp2AVoF7nNyyEG+oW4lfvhlBYElh6VL0AHfxbgX6PlaDsSk8A==
